
Microsoft Visual Studio Solution File, Format Version 12.00
# Visual Studio Version 16
VisualStudioVersion = 16.0.29613.14
MinimumVisualStudioVersion = 10.0.40219.1
Project("{FAE04EC0-301F-11D3-BF4B-00C04F79EFBC}") = "Comp_Coding", "Comp_Coding\Comp_Coding.csproj", "{97BC54D9-5D36-4213-AE5C-6A37908D6420}"
EndProject
Global
	GlobalSection(SolutionConfigurationPlatforms) = preSolution
		Debug|Any CPU = Debug|Any CPU
		Release|Any CPU = Release|Any CPU
	EndGlobalSection
	GlobalSection(ProjectConfigurationPlatforms) = postSolution
		{97BC54D9-5D36-4213-AE5C-6A37908D6420}.Debug|Any CPU.ActiveCfg = Debug|Any CPU
		{97BC54D9-5D36-4213-AE5C-6A37908D6420}.Debug|Any CPU.Build.0 = Debug|Any CPU
		{97BC54D9-5D36-4213-AE5C-6A37908D6420}.Release|Any CPU.ActiveCfg = Release|Any CPU
		{97BC54D9-5D36-4213-AE5C-6A37908D6420}.Release|Any CPU.Build.0 = Release|Any CPU
	EndGlobalSection
	GlobalSection(SolutionProperties) = preSolution
		HideSolutionNode = FALSE
	EndGlobalSection
	GlobalSection(ExtensibilityGlobals) = postSolution
		SolutionGuid = {A5FD973D-327E-4D26-9CB4-D0578857ACCB}
	EndGlobalSection
EndGlobal
